
Microsoft Visual Studio Solution File, Format Version 12.00
# Visual Studio 15
VisualStudioVersion = 15.0.28010.2048
MinimumVisualStudioVersion = 10.0.40219.1
Project("{8BC9CEB8-8B4A-11D0-8D11-00A0C91BC942}") = "Back Door in Service", "Back Door in Service\Back Door in Service.vcxproj", "{A6A2D6B7-24B4-4DAD-8E1B-5F68E4596EFC}"
EndProject
Global
	GlobalSection(SolutionConfigurationPlatforms) = preSolution
		Debug|x64 = Debug|x64
		Debug|x86 = Debug|x86
		Release|x64 = Release|x64
		Release|x86 = Release|x86
	EndGlobalSection
	GlobalSection(ProjectConfigurationPlatforms) = postSolution
		{A6A2D6B7-24B4-4DAD-8E1B-5F68E4596EFC}.Debug|x64.ActiveCfg = Debug|x64
		{A6A2D6B7-24B4-4DAD-8E1B-5F68E4596EFC}.Debug|x64.Build.0 = Debug|x64
		{A6A2D6B7-24B4-4DAD-8E1B-5F68E4596EFC}.Debug|x86.ActiveCfg = Debug|Win32
		{A6A2D6B7-24B4-4DAD-8E1B-5F68E4596EFC}.Debug|x86.Build.0 = Debug|Win32
		{A6A2D6B7-24B4-4DAD-8E1B-5F68E4596EFC}.Release|x64.ActiveCfg = Release|x64
		{A6A2D6B7-24B4-4DAD-8E1B-5F68E4596EFC}.Release|x64.Build.0 = Release|x64
		{A6A2D6B7-24B4-4DAD-8E1B-5F68E4596EFC}.Release|x86.ActiveCfg = Release|Win32
		{A6A2D6B7-24B4-4DAD-8E1B-5F68E4596EFC}.Release|x86.Build.0 = Release|Win32
	EndGlobalSection
	GlobalSection(SolutionProperties) = preSolution
		HideSolutionNode = FALSE
	EndGlobalSection
	GlobalSection(ExtensibilityGlobals) = postSolution
		SolutionGuid = {45EB4B18-E124-4B0D-A350-5CA3FAFF6923}
	EndGlobalSection
EndGlobal
