
Microsoft Visual Studio Solution File, Format Version 12.00
# Visual Studio 15
VisualStudioVersion = 15.0.28010.2048
MinimumVisualStudioVersion = 10.0.40219.1
Project("{8BC9CEB8-8B4A-11D0-8D11-00A0C91BC942}") = "Linked List", "Linked List\Linked List.vcxproj", "{A43D2884-B642-47B0-AE24-5A4BA59AAC51}"
EndProject
Global
	GlobalSection(SolutionConfigurationPlatforms) = preSolution
		Debug|x64 = Debug|x64
		Debug|x86 = Debug|x86
		Release|x64 = Release|x64
		Release|x86 = Release|x86
	EndGlobalSection
	GlobalSection(ProjectConfigurationPlatforms) = postSolution
		{A43D2884-B642-47B0-AE24-5A4BA59AAC51}.Debug|x64.ActiveCfg = Debug|x64
		{A43D2884-B642-47B0-AE24-5A4BA59AAC51}.Debug|x64.Build.0 = Debug|x64
		{A43D2884-B642-47B0-AE24-5A4BA59AAC51}.Debug|x86.ActiveCfg = Debug|Win32
		{A43D2884-B642-47B0-AE24-5A4BA59AAC51}.Debug|x86.Build.0 = Debug|Win32
		{A43D2884-B642-47B0-AE24-5A4BA59AAC51}.Release|x64.ActiveCfg = Release|x64
		{A43D2884-B642-47B0-AE24-5A4BA59AAC51}.Release|x64.Build.0 = Release|x64
		{A43D2884-B642-47B0-AE24-5A4BA59AAC51}.Release|x86.ActiveCfg = Release|Win32
		{A43D2884-B642-47B0-AE24-5A4BA59AAC51}.Release|x86.Build.0 = Release|Win32
	EndGlobalSection
	GlobalSection(SolutionProperties) = preSolution
		HideSolutionNode = FALSE
	EndGlobalSection
	GlobalSection(ExtensibilityGlobals) = postSolution
		SolutionGuid = {3F035AB3-4863-4465-824F-E83A31E03381}
	EndGlobalSection
EndGlobal
